
Microsoft Visual Studio Solution File, Format Version 12.00
# Visual Studio Version 17
VisualStudioVersion = 17.11.35303.130
MinimumVisualStudioVersion = 10.0.40219.1
Project("{9A19103F-16F7-4668-BE54-9A1E7A4F7556}") = "Datenstrukturen_Test", "Datenstrukturen_Test\Datenstrukturen_Test.csproj", "{2AD4691A-BBD5-48E7-B72B-2ED26CAEE51C}"
EndProject
Project("{FAE04EC0-301F-11D3-BF4B-00C04F79EFBC}") = "SortingAlgorithm", "SortingAlgorithm\SortingAlgorithm.csproj", "{02F328C1-6ABC-4602-85B9-B712D8F1FE12}"
EndProject
Project("{FAE04EC0-301F-11D3-BF4B-00C04F79EFBC}") = "DataStructuresDLL", "DataStructuresDLL\DataStructuresDLL.csproj", "{7BB7EAF9-609C-4969-8657-E8585D0050DF}"
EndProject
Project("{FAE04EC0-301F-11D3-BF4B-00C04F79EFBC}") = "CommonDLL", "CommonDLL\CommonDLL.csproj", "{14D8DEAE-AB6D-4AAB-8513-71661566B094}"
EndProject
Global
	GlobalSection(SolutionConfigurationPlatforms) = preSolution
		Debug|Any CPU = Debug|Any CPU
		Release|Any CPU = Release|Any CPU
	EndGlobalSection
	GlobalSection(ProjectConfigurationPlatforms) = postSolution
		{2AD4691A-BBD5-48E7-B72B-2ED26CAEE51C}.Debug|Any CPU.ActiveCfg = Debug|Any CPU
		{2AD4691A-BBD5-48E7-B72B-2ED26CAEE51C}.Debug|Any CPU.Build.0 = Debug|Any CPU
		{2AD4691A-BBD5-48E7-B72B-2ED26CAEE51C}.Release|Any CPU.ActiveCfg = Release|Any CPU
		{2AD4691A-BBD5-48E7-B72B-2ED26CAEE51C}.Release|Any CPU.Build.0 = Release|Any CPU
		{02F328C1-6ABC-4602-85B9-B712D8F1FE12}.Debug|Any CPU.ActiveCfg = Debug|Any CPU
		{02F328C1-6ABC-4602-85B9-B712D8F1FE12}.Debug|Any CPU.Build.0 = Debug|Any CPU
		{02F328C1-6ABC-4602-85B9-B712D8F1FE12}.Release|Any CPU.ActiveCfg = Release|Any CPU
		{02F328C1-6ABC-4602-85B9-B712D8F1FE12}.Release|Any CPU.Build.0 = Release|Any CPU
		{7BB7EAF9-609C-4969-8657-E8585D0050DF}.Debug|Any CPU.ActiveCfg = Debug|Any CPU
		{7BB7EAF9-609C-4969-8657-E8585D0050DF}.Debug|Any CPU.Build.0 = Debug|Any CPU
		{7BB7EAF9-609C-4969-8657-E8585D0050DF}.Release|Any CPU.ActiveCfg = Release|Any CPU
		{7BB7EAF9-609C-4969-8657-E8585D0050DF}.Release|Any CPU.Build.0 = Release|Any CPU
		{14D8DEAE-AB6D-4AAB-8513-71661566B094}.Debug|Any CPU.ActiveCfg = Debug|Any CPU
		{14D8DEAE-AB6D-4AAB-8513-71661566B094}.Debug|Any CPU.Build.0 = Debug|Any CPU
		{14D8DEAE-AB6D-4AAB-8513-71661566B094}.Release|Any CPU.ActiveCfg = Release|Any CPU
		{14D8DEAE-AB6D-4AAB-8513-71661566B094}.Release|Any CPU.Build.0 = Release|Any CPU
	EndGlobalSection
	GlobalSection(SolutionProperties) = preSolution
		HideSolutionNode = FALSE
	EndGlobalSection
	GlobalSection(ExtensibilityGlobals) = postSolution
		SolutionGuid = {91A36857-6D39-41EE-B09F-EF3E224EDCF7}
	EndGlobalSection
EndGlobal
